// !$*UTF8*$!
{
	archiveVersion = 1;
	classes = {
	};
	objectVersion = 46;
	objects = {

/* Begin PBXBuildFile section */
		490052FA1D09BF8600BA8582 /* Property List.plist in Resources */ = {isa = PBXBuildFile; fileRef = 490052F91D09BF8600BA8582 /* Property List.plist */; };
		49A986891CA1C91F00161A2A /* AppDelegate.swift in Sources */ = {isa = PBXBuildFile; fileRef = 49A986881CA1C91F00161A2A /* AppDelegate.swift */; };
		49A9868B1CA1C91F00161A2A /* TallyViewController.swift in Sources */ = {isa = PBXBuildFile; fileRef = 49A9868A1CA1C91F00161A2A /* TallyViewController.swift */; };
		49A9868E1CA1C91F00161A2A /* Main.storyboard in Resources */ = {isa = PBXBuildFile; fileRef = 49A9868C1CA1C91F00161A2A /* Main.storyboard */; };
		49A986901CA1C91F00161A2A /* Assets.xcassets in Resources */ = {isa = PBXBuildFile; fileRef = 49A9868F1CA1C91F00161A2A /* Assets.xcassets */; };
		49A986931CA1C91F00161A2A /* LaunchScreen.storyboard in Resources */ = {isa = PBXBuildFile; fileRef = 49A986911CA1C91F00161A2A /* LaunchScreen.storyboard */; };
		49F691E21CA2052800EC0BBE /* Counter.swift in Sources */ = {isa = PBXBuildFile; fileRef = 49F691E11CA2052800EC0BBE /* Counter.swift */; };
/* End PBXBuildFile section */

/* Begin PBXFileReference section */
		490052F91D09BF8600BA8582 /* Property List.plist */ = {isa = PBXFileReference; fileEncoding = 4; lastKnownFileType = text.plist.xml; path = "Property List.plist"; sourceTree = "<group>"; };
		49A986851CA1C91F00161A2A /* CLC Tally.app */ = {isa = PBXFileReference; explicitFileType = wrapper.application; includeInIndex = 0; path = "CLC Tally.app"; sourceTree = BUILT_PRODUCTS_DIR; };
		49A986881CA1C91F00161A2A /* AppDelegate.swift */ = {isa = PBXFileReference; lastKnownFileType = sourcecode.swift; path = AppDelegate.swift; sourceTree = "<group>"; };
		49A9868A1CA1C91F00161A2A /* TallyViewController.swift */ = {isa = PBXFileReference; lastKnownFileType = sourcecode.swift; path = TallyViewController.swift; sourceTree = "<group>"; };
		49A9868D1CA1C91F00161A2A /* Base */ = {isa = PBXFileReference; lastKnownFileType = file.storyboard; name = Base; path = Base.lproj/Main.storyboard; sourceTree = "<group>"; };
		49A9868F1CA1C91F00161A2A /* Assets.xcassets */ = {isa = PBXFileReference; lastKnownFileType = folder.assetcatalog; path = Assets.xcassets; sourceTree = "<group>"; };
		49A986921CA1C91F00161A2A /* Base */ = {isa = PBXFileReference; lastKnownFileType = file.storyboard; name = Base; path = Base.lproj/LaunchScreen.storyboard; sourceTree = "<group>"; };
		49A986941CA1C91F00161A2A /* Info.plist */ = {isa = PBXFileReference; lastKnownFileType = text.plist.xml; path = Info.plist; sourceTree = "<group>"; };
		49F691E11CA2052800EC0BBE /* Counter.swift */ = {isa = PBXFileReference; fileEncoding = 4; lastKnownFileType = sourcecode.swift; path = Counter.swift; sourceTree = "<group>"; };
/* End PBXFileReference section */

/* Begin PBXFrameworksBuildPhase section */
		49A986821CA1C91F00161A2A /* Frameworks */ = {
			isa = PBXFrameworksBuildPhase;
			buildActionMask = 2147483647;
			files = (
			);
			runOnlyForDeploymentPostprocessing = 0;
		};
/* End PBXFrameworksBuildPhase section */

/* Begin PBXGroup section */
		49A9867C1CA1C91F00161A2A = {
			isa = PBXGroup;
			children = (
				49A986871CA1C91F00161A2A /* CLC Tally */,
				49A986861CA1C91F00161A2A /* Products */,
			);
			sourceTree = "<group>";
		};
		49A986861CA1C91F00161A2A /* Products */ = {
			isa = PBXGroup;
			children = (
				49A986851CA1C91F00161A2A /* CLC Tally.app */,
			);
			name = Products;
			sourceTree = "<group>";
		};
		49A986871CA1C91F00161A2A /* CLC Tally */ = {
			isa = PBXGroup;
			children = (
				49A986881CA1C91F00161A2A /* AppDelegate.swift */,
				49F691E11CA2052800EC0BBE /* Counter.swift */,
				49A9868A1CA1C91F00161A2A /* TallyViewController.swift */,
				490052F91D09BF8600BA8582 /* Property List.plist */,
				49A9868C1CA1C91F00161A2A /* Main.storyboard */,
				49A9868F1CA1C91F00161A2A /* Assets.xcassets */,
				49A986911CA1C91F00161A2A /* LaunchScreen.storyboard */,
				49A986941CA1C91F00161A2A /* Info.plist */,
			);
			path = "CLC Tally";
			sourceTree = "<group>";
		};
/* End PBXGroup section */

/* Begin PBXNativeTarget section */
		49A986841CA1C91F00161A2A /* CLC Tally */ = {
			isa = PBXNativeTarget;
			buildConfigurationList = 49A986971CA1C91F00161A2A /* Build configuration list for PBXNativeTarget "CLC Tally" */;
			buildPhases = (
				49A986811CA1C91F00161A2A /* Sources */,
				49A986821CA1C91F00161A2A /* Frameworks */,
				49A986831CA1C91F00161A2A /* Resources */,
			);
			buildRules = (
			);
			dependencies = (
			);
			name = "CLC Tally";
			productName = "CLC Tally";
			productReference = 49A986851CA1C91F00161A2A /* CLC Tally.app */;
			productType = "com.apple.product-type.application";
		};
/* End PBXNativeTarget section */

/* Begin PBXProject section */
		49A9867D1CA1C91F00161A2A /* Project object */ = {
			isa = PBXProject;
			attributes = {
				LastSwiftUpdateCheck = 0720;
				LastUpgradeCheck = 0720;
				ORGANIZATIONNAME = "Illya Starikov";
				TargetAttributes = {
					49A986841CA1C91F00161A2A = {
						CreatedOnToolsVersion = 7.2.1;
						DevelopmentTeam = K5825K8G3M;
						LastSwiftMigration = 0820;
					};
				};
			};
			buildConfigurationList = 49A986801CA1C91F00161A2A /* Build configuration list for PBXProject "CLC Tally" */;
			compatibilityVersion = "Xcode 3.2";
			developmentRegion = English;
			hasScannedForEncodings = 0;
			knownRegions = (
				en,
				Base,
			);
			mainGroup = 49A9867C1CA1C91F00161A2A;
			productRefGroup = 49A986861CA1C91F00161A2A /* Products */;
			projectDirPath = "";
			projectRoot = "";
			targets = (
				49A986841CA1C91F00161A2A /* CLC Tally */,
			);
		};
/* End PBXProject section */

/* Begin PBXResourcesBuildPhase section */
		49A986831CA1C91F00161A2A /* Resources */ = {
			isa = PBXResourcesBuildPhase;
			buildActionMask = 2147483647;
			files = (
				49A986931CA1C91F00161A2A /* LaunchScreen.storyboard in Resources */,
				49A986901CA1C91F00161A2A /* Assets.xcassets in Resources */,
				490052FA1D09BF8600BA8582 /* Property List.plist in Resources */,
				49A9868E1CA1C91F00161A2A /* Main.storyboard in Resources */,
			);
			runOnlyForDeploymentPostprocessing = 0;
		};
/* End PBXResourcesBuildPhase section */

/* Begin PBXSourcesBuildPhase section */
		49A986811CA1C91F00161A2A /* Sources */ = {
			isa = PBXSourcesBuildPhase;
			buildActionMask = 2147483647;
			files = (
				49A9868B1CA1C91F00161A2A /* TallyViewController.swift in Sources */,
				49A986891CA1C91F00161A2A /* AppDelegate.swift in Sources */,
				49F691E21CA2052800EC0BBE /* Counter.swift in Sources */,
			);
			runOnlyForDeploymentPostprocessing = 0;
		};
/* End PBXSourcesBuildPhase section */

/* Begin PBXVariantGroup section */
		49A9868C1CA1C91F00161A2A /* Main.storyboard */ = {
			isa = PBXVariantGroup;
			children = (
				49A9868D1CA1C91F00161A2A /* Base */,
			);
			name = Main.storyboard;
			sourceTree = "<group>";
		};
		49A986911CA1C91F00161A2A /* LaunchScreen.storyboard */ = {
			isa = PBXVariantGroup;
			children = (
				49A986921CA1C91F00161A2A /* Base */,
			);
			name = LaunchScreen.storyboard;
			sourceTree = "<group>";
		};
/* End PBXVariantGroup section */

/* Begin XCBuildConfiguration section */
		49A986951CA1C91F00161A2A /* Debug */ = {
			isa = XCBuildConfiguration;
			buildSettings = {
				ALWAYS_SEARCH_USER_PATHS = NO;
				CLANG_CXX_LANGUAGE_STANDARD = "gnu++0x";
				CLANG_CXX_LIBRARY = "libc++";
				CLANG_ENABLE_MODULES = YES;
				CLANG_ENABLE_OBJC_ARC = YES;
				CLANG_WARN_BOOL_CONVERSION = YES;
				CLANG_WARN_CONSTANT_CONVERSION = YES;
				CLANG_WARN_DIRECT_OBJC_ISA_USAGE = YES_ERROR;
				CLANG_WARN_EMPTY_BODY = YES;
				CLANG_WARN_ENUM_CONVERSION = YES;
				CLANG_WARN_INT_CONVERSION = YES;
				CLANG_WARN_OBJC_ROOT_CLASS = YES_ERROR;
				CLANG_WARN_UNREACHABLE_CODE = YES;
				CLANG_WARN__DUPLICATE_METHOD_MATCH = YES;
				"CODE_SIGN_IDENTITY[sdk=iphoneos*]" = "iPhone Developer";
				COPY_PHASE_STRIP = NO;
				DEBUG_INFORMATION_FORMAT = dwarf;
				ENABLE_STRICT_OBJC_MSGSEND = YES;
				ENABLE_TESTABILITY = YES;
				GCC_C_LANGUAGE_STANDARD = gnu99;
				GCC_DYNAMIC_NO_PIC = NO;
				GCC_NO_COMMON_BLOCKS = YES;
				GCC_OPTIMIZATION_LEVEL = 0;
				GCC_PREPROCESSOR_DEFINITIONS = (
					"DEBUG=1",
					"$(inherited)",
				);
				GCC_WARN_64_TO_32_BIT_CONVERSION = YES;
				GCC_WARN_ABOUT_RETURN_TYPE = YES_ERROR;
				GCC_WARN_UNDECLARED_SELECTOR = YES;
				GCC_WARN_UNINITIALIZED_AUTOS = YES_AGGRESSIVE;
				GCC_WARN_UNUSED_FUNCTION = YES;
				GCC_WARN_UNUSED_VARIABLE = YES;
				IPHONEOS_DEPLOYMENT_TARGET = 9.2;
				MTL_ENABLE_DEBUG_INFO = YES;
				ONLY_ACTIVE_ARCH = YES;
				SDKROOT = iphoneos;
				SWIFT_OPTIMIZATION_LEVEL = "-Onone";
				SWIFT_VERSION = 3.0;
				TARGETED_DEVICE_FAMILY = "1,2";
			};
			name = Debug;
		};
		49A986961CA1C91F00161A2A /* Release */ = {
			isa = XCBuildConfiguration;
			buildSettings = {
				ALWAYS_SEARCH_USER_PATHS = NO;
				CLANG_CXX_LANGUAGE_STANDARD = "gnu++0x";
				CLANG_CXX_LIBRARY = "libc++";
				CLANG_ENABLE_MODULES = YES;
				CLANG_ENABLE_OBJC_ARC = YES;
				CLANG_WARN_BOOL_CONVERSION = YES;
				CLANG_WARN_CONSTANT_CONVERSION = YES;
				CLANG_WARN_DIRECT_OBJC_ISA_USAGE = YES_ERROR;
				CLANG_WARN_EMPTY_BODY = YES;
				CLANG_WARN_ENUM_CONVERSION = YES;
				CLANG_WARN_INT_CONVERSION = YES;
				CLANG_WARN_OBJC_ROOT_CLASS = YES_ERROR;
				CLANG_WARN_UNREACHABLE_CODE = YES;
				CLANG_WARN__DUPLICATE_METHOD_MATCH = YES;
				"CODE_SIGN_IDENTITY[sdk=iphoneos*]" = "iPhone Developer";
				COPY_PHASE_STRIP = NO;
				DEBUG_INFORMATION_FORMAT = "dwarf-with-dsym";
				ENABLE_NS_ASSERTIONS = NO;
				ENABLE_STRICT_OBJC_MSGSEND = YES;
				GCC_C_LANGUAGE_STANDARD = gnu99;
				GCC_NO_COMMON_BLOCKS = YES;
				GCC_WARN_64_TO_32_BIT_CONVERSION = YES;
				GCC_WARN_ABOUT_RETURN_TYPE = YES_ERROR;
				GCC_WARN_UNDECLARED_SELECTOR = YES;
				GCC_WARN_UNINITIALIZED_AUTOS = YES_AGGRESSIVE;
				GCC_WARN_UNUSED_FUNCTION = YES;
				GCC_WARN_UNUSED_VARIABLE = YES;
				IPHONEOS_DEPLOYMENT_TARGET = 9.2;
				MTL_ENABLE_DEBUG_INFO = NO;
				SDKROOT = iphoneos;
				SWIFT_VERSION = 3.0;
				TARGETED_DEVICE_FAMILY = "1,2";
				VALIDATE_PRODUCT = YES;
			};
			name = Release;
		};
		49A986981CA1C91F00161A2A /* Debug */ = {
			isa = XCBuildConfiguration;
			buildSettings = {
				ASSETCATALOG_COMPILER_APPICON_NAME = AppIcon;
				CODE_SIGN_IDENTITY = "iPhone Developer";
				"CODE_SIGN_IDENTITY[sdk=iphoneos*]" = "iPhone Developer";
				INFOPLIST_FILE = "CLC Tally/Info.plist";
				LD_RUNPATH_SEARCH_PATHS = "$(inherited) @executable_path/Frameworks";
				PRODUCT_BUNDLE_IDENTIFIER = "com.FreneticArray.CLC-Tally";
				PRODUCT_NAME = "$(TARGET_NAME)";
				PROVISIONING_PROFILE = "";
				SWIFT_VERSION = 3.0;
			};
			name = Debug;
		};
		49A986991CA1C91F00161A2A /* Release */ = {
			isa = XCBuildConfiguration;
			buildSettings = {
				ASSETCATALOG_COMPILER_APPICON_NAME = AppIcon;
				CODE_SIGN_IDENTITY = "iPhone Developer";
				"CODE_SIGN_IDENTITY[sdk=iphoneos*]" = "iPhone Developer";
				INFOPLIST_FILE = "CLC Tally/Info.plist";
				LD_RUNPATH_SEARCH_PATHS = "$(inherited) @executable_path/Frameworks";
				PRODUCT_BUNDLE_IDENTIFIER = "com.FreneticArray.CLC-Tally";
				PRODUCT_NAME = "$(TARGET_NAME)";
				PROVISIONING_PROFILE = "";
				SWIFT_VERSION = 3.0;
			};
			name = Release;
		};
/* End XCBuildConfiguration section */

/* Begin XCConfigurationList section */
		49A986801CA1C91F00161A2A /* Build configuration list for PBXProject "CLC Tally" */ = {
			isa = XCConfigurationList;
			buildConfigurations = (
				49A986951CA1C91F00161A2A /* Debug */,
				49A986961CA1C91F00161A2A /* Release */,
			);
			defaultConfigurationIsVisible = 0;
			defaultConfigurationName = Release;
		};
		49A986971CA1C91F00161A2A /* Build configuration list for PBXNativeTarget "CLC Tally" */ = {
			isa = XCConfigurationList;
			buildConfigurations = (
				49A986981CA1C91F00161A2A /* Debug */,
				49A986991CA1C91F00161A2A /* Release */,
			);
			defaultConfigurationIsVisible = 0;
			defaultConfigurationName = Release;
		};
/* End XCConfigurationList section */
	};
	rootObject = 49A9867D1CA1C91F00161A2A /* Project object */;
}
